
Microsoft Visual Studio Solution File, Format Version 12.00
# Visual Studio Version 17
VisualStudioVersion = 17.10.35013.160
MinimumVisualStudioVersion = 10.0.40219.1
Project("{FAE04EC0-301F-11D3-BF4B-00C04F79EFBC}") = "EFCoreAssignment01", "EFCoreAssignment01\EFCoreAssignment01.csproj", "{C9782EB3-2F60-47CD-A835-07CEB4ABE967}"
EndProject
Global
	GlobalSection(SolutionConfigurationPlatforms) = preSolution
		Debug|Any CPU = Debug|Any CPU
		Release|Any CPU = Release|Any CPU
	EndGlobalSection
	GlobalSection(ProjectConfigurationPlatforms) = postSolution
		{C9782EB3-2F60-47CD-A835-07CEB4ABE967}.Debug|Any CPU.ActiveCfg = Debug|Any CPU
		{C9782EB3-2F60-47CD-A835-07CEB4ABE967}.Debug|Any CPU.Build.0 = Debug|Any CPU
		{C9782EB3-2F60-47CD-A835-07CEB4ABE967}.Release|Any CPU.ActiveCfg = Release|Any CPU
		{C9782EB3-2F60-47CD-A835-07CEB4ABE967}.Release|Any CPU.Build.0 = Release|Any CPU
	EndGlobalSection
	GlobalSection(SolutionProperties) = preSolution
		HideSolutionNode = FALSE
	EndGlobalSection
	GlobalSection(ExtensibilityGlobals) = postSolution
		SolutionGuid = {CE5B04A0-DD9F-44B7-A623-48B7388B7148}
	EndGlobalSection
EndGlobal
